
Microsoft Visual Studio Solution File, Format Version 12.00
# Visual Studio Version 17
VisualStudioVersion = 17.4.33110.190
MinimumVisualStudioVersion = 10.0.40219.1
Project("{FAE04EC0-301F-11D3-BF4B-00C04F79EFBC}") = "Tarea 1 2do semestre", "Tarea 1 2do semestre\Tarea 1 2do semestre.csproj", "{05D03D91-25A8-41AA-89BB-275D682F4458}"
EndProject
Global
	GlobalSection(SolutionConfigurationPlatforms) = preSolution
		Debug|Any CPU = Debug|Any CPU
		Release|Any CPU = Release|Any CPU
	EndGlobalSection
	GlobalSection(ProjectConfigurationPlatforms) = postSolution
		{05D03D91-25A8-41AA-89BB-275D682F4458}.Debug|Any CPU.ActiveCfg = Debug|Any CPU
		{05D03D91-25A8-41AA-89BB-275D682F4458}.Debug|Any CPU.Build.0 = Debug|Any CPU
		{05D03D91-25A8-41AA-89BB-275D682F4458}.Release|Any CPU.ActiveCfg = Release|Any CPU
		{05D03D91-25A8-41AA-89BB-275D682F4458}.Release|Any CPU.Build.0 = Release|Any CPU
	EndGlobalSection
	GlobalSection(SolutionProperties) = preSolution
		HideSolutionNode = FALSE
	EndGlobalSection
	GlobalSection(ExtensibilityGlobals) = postSolution
		SolutionGuid = {B6CDCC6C-A869-4B09-860C-8A2F58373EE0}
	EndGlobalSection
EndGlobal
